{
  "name": "embroidery",
  "lockfileVersion": 2,
  "requires": true,
  "packages": {
    "": {
      "dependencies": {
        "blueimp-load-image": "^5.16.0"
      }
    },
    "node_modules/blueimp-load-image": {
      "version": "5.16.0",
      "resolved": "https://registry.npmjs.org/blueimp-load-image/-/blueimp-load-image-5.16.0.tgz",
      "integrity": "sha512-3DUSVdOtlfNRk7moRZuTwDmA3NnG8KIJuLcq3c0J7/BIr6X3Vb/EpX3kUH1joxUhmoVF4uCpDfz7wHkz8pQajA=="
    }
  },
  "dependencies": {
    "blueimp-load-image": {
      "version": "5.16.0",
      "resolved": "https://registry.npmjs.org/blueimp-load-image/-/blueimp-load-image-5.16.0.tgz",
      "integrity": "sha512-3DUSVdOtlfNRk7moRZuTwDmA3NnG8KIJuLcq3c0J7/BIr6X3Vb/EpX3kUH1joxUhmoVF4uCpDfz7wHkz8pQajA=="
    }
  }
}
